
Microsoft Visual Studio Solution File, Format Version 12.00
# Visual Studio Version 17
VisualStudioVersion = 17.5.33424.131
MinimumVisualStudioVersion = 10.0.40219.1
Project("{FAE04EC0-301F-11D3-BF4B-00C04F79EFBC}") = "InheritancePrac", "InheritancePrac\InheritancePrac.csproj", "{A7D15749-3B4A-4FB0-99FE-979319AB9C2A}"
EndProject
Global
	GlobalSection(SolutionConfigurationPlatforms) = preSolution
		Debug|Any CPU = Debug|Any CPU
		Release|Any CPU = Release|Any CPU
	EndGlobalSection
	GlobalSection(ProjectConfigurationPlatforms) = postSolution
		{A7D15749-3B4A-4FB0-99FE-979319AB9C2A}.Debug|Any CPU.ActiveCfg = Debug|Any CPU
		{A7D15749-3B4A-4FB0-99FE-979319AB9C2A}.Debug|Any CPU.Build.0 = Debug|Any CPU
		{A7D15749-3B4A-4FB0-99FE-979319AB9C2A}.Release|Any CPU.ActiveCfg = Release|Any CPU
		{A7D15749-3B4A-4FB0-99FE-979319AB9C2A}.Release|Any CPU.Build.0 = Release|Any CPU
	EndGlobalSection
	GlobalSection(SolutionProperties) = preSolution
		HideSolutionNode = FALSE
	EndGlobalSection
	GlobalSection(ExtensibilityGlobals) = postSolution
		SolutionGuid = {B4FA8A43-D929-405F-A4FA-7E7372F65707}
	EndGlobalSection
EndGlobal
